Microsoft Visual Studio Solution File, Format Version 8.00
Project("{8BC9CEB8-8B4A-11D0-8D11-00A0C91BC942}") = "os", "os.vcproj", "{65328BBF-BAB7-4312-9748-AAE53270B272}"
	ProjectSection(ProjectDependencies) = postProject
	EndProjectSection
EndProject
Global
	GlobalSection(SolutionConfiguration) = preSolution
		Debug = Debug
		Release = Release
	EndGlobalSection
	GlobalSection(ProjectConfiguration) = postSolution
		{65328BBF-BAB7-4312-9748-AAE53270B272}.Debug.ActiveCfg = Debug|Win32
		{65328BBF-BAB7-4312-9748-AAE53270B272}.Debug.Build.0 = Debug|Win32
		{65328BBF-BAB7-4312-9748-AAE53270B272}.Release.ActiveCfg = Release|Win32
		{65328BBF-BAB7-4312-9748-AAE53270B272}.Release.Build.0 = Release|Win32
	EndGlobalSection
	GlobalSection(ExtensibilityGlobals) = postSolution
	EndGlobalSection
	GlobalSection(ExtensibilityAddIns) = postSolution
	EndGlobalSection
EndGlobal
